
Microsoft Visual Studio Solution File, Format Version 12.00
# Visual Studio 15
VisualStudioVersion = 15.0.28307.1622
MinimumVisualStudioVersion = 10.0.40219.1
Project("{FAE04EC0-301F-11D3-BF4B-00C04F79EFBC}") = "LibraryManagementSystem", "LibraryManagementSystem\LibraryManagementSystem.csproj", "{A0672A10-740F-45B0-B677-7916EFFCE992}"
EndProject
Project("{FAE04EC0-301F-11D3-BF4B-00C04F79EFBC}") = "LibraryDLL", "LibraryDLL\LibraryDLL.csproj", "{7BF657E6-BBD6-4F56-974C-F57E27D98401}"
EndProject
Project("{FAE04EC0-301F-11D3-BF4B-00C04F79EFBC}") = "LibrarayModel", "LibrarayModel\LibrarayModel.csproj", "{1714C71D-DB99-431D-84F0-C05679093151}"
EndProject
Global
	GlobalSection(SolutionConfigurationPlatforms) = preSolution
		Debug|Any CPU = Debug|Any CPU
		Release|Any CPU = Release|Any CPU
	EndGlobalSection
	GlobalSection(ProjectConfigurationPlatforms) = postSolution
		{A0672A10-740F-45B0-B677-7916EFFCE992}.Debug|Any CPU.ActiveCfg = Debug|Any CPU
		{A0672A10-740F-45B0-B677-7916EFFCE992}.Debug|Any CPU.Build.0 = Debug|Any CPU
		{A0672A10-740F-45B0-B677-7916EFFCE992}.Release|Any CPU.ActiveCfg = Release|Any CPU
		{A0672A10-740F-45B0-B677-7916EFFCE992}.Release|Any CPU.Build.0 = Release|Any CPU
		{7BF657E6-BBD6-4F56-974C-F57E27D98401}.Debug|Any CPU.ActiveCfg = Debug|Any CPU
		{7BF657E6-BBD6-4F56-974C-F57E27D98401}.Debug|Any CPU.Build.0 = Debug|Any CPU
		{7BF657E6-BBD6-4F56-974C-F57E27D98401}.Release|Any CPU.ActiveCfg = Release|Any CPU
		{7BF657E6-BBD6-4F56-974C-F57E27D98401}.Release|Any CPU.Build.0 = Release|Any CPU
		{1714C71D-DB99-431D-84F0-C05679093151}.Debug|Any CPU.ActiveCfg = Debug|Any CPU
		{1714C71D-DB99-431D-84F0-C05679093151}.Debug|Any CPU.Build.0 = Debug|Any CPU
		{1714C71D-DB99-431D-84F0-C05679093151}.Release|Any CPU.ActiveCfg = Release|Any CPU
		{1714C71D-DB99-431D-84F0-C05679093151}.Release|Any CPU.Build.0 = Release|Any CPU
	EndGlobalSection
	GlobalSection(SolutionProperties) = preSolution
		HideSolutionNode = FALSE
	EndGlobalSection
	GlobalSection(ExtensibilityGlobals) = postSolution
		SolutionGuid = {4378605E-F9A1-451D-807D-E9C4CFB6309B}
	EndGlobalSection
EndGlobal
